
Microsoft Visual Studio Solution File, Format Version 12.00
# Visual Studio Version 16
VisualStudioVersion = 16.0.30611.23
MinimumVisualStudioVersion = 10.0.40219.1
Project("{FAE04EC0-301F-11D3-BF4B-00C04F79EFBC}") = "BackEnd", "BackEnd\BackEnd.csproj", "{EAC8068F-219F-4022-BBE5-B9EE5C5EBE68}"
EndProject
Global
	GlobalSection(SolutionConfigurationPlatforms) = preSolution
		Debug|Any CPU = Debug|Any CPU
		Release|Any CPU = Release|Any CPU
	EndGlobalSection
	GlobalSection(ProjectConfigurationPlatforms) = postSolution
		{EAC8068F-219F-4022-BBE5-B9EE5C5EBE68}.Debug|Any CPU.ActiveCfg = Debug|Any CPU
		{EAC8068F-219F-4022-BBE5-B9EE5C5EBE68}.Debug|Any CPU.Build.0 = Debug|Any CPU
		{EAC8068F-219F-4022-BBE5-B9EE5C5EBE68}.Release|Any CPU.ActiveCfg = Release|Any CPU
		{EAC8068F-219F-4022-BBE5-B9EE5C5EBE68}.Release|Any CPU.Build.0 = Release|Any CPU
	EndGlobalSection
	GlobalSection(SolutionProperties) = preSolution
		HideSolutionNode = FALSE
	EndGlobalSection
	GlobalSection(ExtensibilityGlobals) = postSolution
		SolutionGuid = {A3EB201F-4A87-4839-A4DA-94627A84FC7C}
	EndGlobalSection
EndGlobal
